
Microsoft Visual Studio Solution File, Format Version 12.00
# Visual Studio 15
VisualStudioVersion = 15.0.28010.2036
MinimumVisualStudioVersion = 10.0.40219.1
Project("{8BC9CEB8-8B4A-11D0-8D11-00A0C91BC942}") = "Lab1", "Lab1\Lab1.vcxproj", "{D91FBCE2-1AC5-4B76-A472-7D0644B7E299}"
EndProject
Global
	GlobalSection(SolutionConfigurationPlatforms) = preSolution
		Debug|x64 = Debug|x64
		Release|x64 = Release|x64
	EndGlobalSection
	GlobalSection(ProjectConfigurationPlatforms) = postSolution
		{D91FBCE2-1AC5-4B76-A472-7D0644B7E299}.Debug|x64.ActiveCfg = Debug|x64
		{D91FBCE2-1AC5-4B76-A472-7D0644B7E299}.Debug|x64.Build.0 = Debug|x64
		{D91FBCE2-1AC5-4B76-A472-7D0644B7E299}.Release|x64.ActiveCfg = Release|x64
		{D91FBCE2-1AC5-4B76-A472-7D0644B7E299}.Release|x64.Build.0 = Release|x64
	EndGlobalSection
	GlobalSection(SolutionProperties) = preSolution
		HideSolutionNode = FALSE
	EndGlobalSection
	GlobalSection(ExtensibilityGlobals) = postSolution
		SolutionGuid = {EEE30D83-3A17-4BEB-AF82-0D11F0926E7B}
	EndGlobalSection
EndGlobal
