
Microsoft Visual Studio Solution File, Format Version 12.00
# Visual Studio 15
VisualStudioVersion = 15.0.28010.2036
MinimumVisualStudioVersion = 10.0.40219.1
Project("{8BC9CEB8-8B4A-11D0-8D11-00A0C91BC942}") = "practico1", "practico1\practico1.vcxproj", "{5721EABC-BF20-43D9-BE74-63BE02286F56}"
EndProject
Global
	GlobalSection(SolutionConfigurationPlatforms) = preSolution
		Debug|x64 = Debug|x64
		Release|x64 = Release|x64
	EndGlobalSection
	GlobalSection(ProjectConfigurationPlatforms) = postSolution
		{5721EABC-BF20-43D9-BE74-63BE02286F56}.Debug|x64.ActiveCfg = Debug|x64
		{5721EABC-BF20-43D9-BE74-63BE02286F56}.Debug|x64.Build.0 = Debug|x64
		{5721EABC-BF20-43D9-BE74-63BE02286F56}.Release|x64.ActiveCfg = Release|x64
		{5721EABC-BF20-43D9-BE74-63BE02286F56}.Release|x64.Build.0 = Release|x64
	EndGlobalSection
	GlobalSection(SolutionProperties) = preSolution
		HideSolutionNode = FALSE
	EndGlobalSection
	GlobalSection(ExtensibilityGlobals) = postSolution
		SolutionGuid = {2E098F79-EF7E-442B-A1E7-A40843B3EFAF}
	EndGlobalSection
EndGlobal
